<Solution>
  <Folder Name="/tests/">
    <Project Path="tests/InsuranceCoreAPI.UnitTests/InsuranceCoreAPI.UnitTests.csproj" />
    <Project Path="tests/InsuranceCoreAPI.IntegrationTests/InsuranceCoreAPI.IntegrationTests.csproj" />
  </Folder>
  <Project Path="src/InsuranceCoreAPI/InsuranceCoreAPI.csproj" />
</Solution>
